PODS:
  - SnapKit (0.19.1)

DEPENDENCIES:
  - SnapKit (from `git@github.com:bumaociyuan/SnapKit.git`)

EXTERNAL SOURCES:
  SnapKit:
    :git: git@github.com:bumaociyuan/SnapKit.git

CHECKOUT OPTIONS:
  SnapKit:
    :commit: 84c4fc0bf9d35e9bbda652913ae7780aaaa92003
    :git: git@github.com:bumaociyuan/SnapKit.git

SPEC CHECKSUMS:
  SnapKit: eff58d6e3451bf2f482db2eccf86aecf371dc62d

COCOAPODS: 0.39.0
